{
  "requires": true,
  "lockfileVersion": 1,
  "dependencies": {
    "@dnd-kit/accessibility": {
      "version": "1.0.1",
      "resolved": "https://registry.npmjs.org/@dnd-kit/accessibility/-/accessibility-1.0.1.tgz",
      "integrity": "sha512-rPkUFbhDrBHacTqEM0WlurgXLN+pBFW+o9PB6DgnREK5hNRXAxzqwGfSlrVUgdh7PK/YslAiljM//6lI9JHuAA==",
      "requires": {
        "tslib": "^2.0.0"
      }
    },
    "@dnd-kit/core": {
      "version": "1.0.1",
      "resolved": "https://registry.npmjs.org/@dnd-kit/core/-/core-1.0.1.tgz",
      "integrity": "sha512-shIv8YxhrgkS6tnDmfPdh3ds0U/9e9WQhBHPtEIcdvnBcT0h8mXJHrfhY1nmXVAtcYfXO7L4obABXf2a0DcX4w==",
      "requires": {
        "@dnd-kit/accessibility": "^1.0.1",
        "@dnd-kit/utilities": "^1.0.1",
        "tslib": "^2.0.0"
      }
    },
    "@dnd-kit/utilities": {
      "version": "1.0.1",
      "resolved": "https://registry.npmjs.org/@dnd-kit/utilities/-/utilities-1.0.1.tgz",
      "integrity": "sha512-mH0SsXw39ytNwnZ484blRKdpac0Ad3Gh3UkbsiQs0LwFoC+O/j967mS3WhP+G++mlgr6uZ2OM3BlPYZkSMOusA==",
      "requires": {
        "tslib": "^2.0.0"
      }
    },
    "csv-parser": {
      "version": "3.0.0",
      "resolved": "https://registry.npmjs.org/csv-parser/-/csv-parser-3.0.0.tgz",
      "integrity": "sha512-s6OYSXAK3IdKqYO33y09jhypG/bSDHPuyCme/IdEHfWpLf/jKcpitVFyOC6UemgGk8v7Q5u2XE0vvwmanxhGlQ==",
      "requires": {
        "minimist": "^1.2.0"
      }
    },
    "minimist": {
      "version": "1.2.5",
      "resolved": "https://registry.npmjs.org/minimist/-/minimist-1.2.5.tgz",
      "integrity": "sha512-FM9nNUYrRBAELZQT3xeZQ7fmMOBg6nWNmJKTcgsJeaLstP/UODVpGsr5OhXhhXg6f+qtJ8uiZ+PUxkDWcgIXLw=="
    },
    "tslib": {
      "version": "2.1.0",
      "resolved": "https://registry.npmjs.org/tslib/-/tslib-2.1.0.tgz",
      "integrity": "sha512-hcVC3wYEziELGGmEEXue7D75zbwIIVUMWAVbHItGPx0ziyXxrOMQx4rQEVEV45Ut/1IotuEvwqPopzIOkDMf0A=="
    }
  }
}
